
Microsoft Visual Studio Solution File, Format Version 12.00
# Visual Studio Version 17
VisualStudioVersion = 17.0.31903.59
MinimumVisualStudioVersion = 10.0.40219.1
Project("{FAE04EC0-301F-11D3-BF4B-00C04F79EFBC}") = "FloriculturaApp.Domain", "FloriculturaApp.Domain\FloriculturaApp.Domain.csproj", "{AD2612DC-48D5-4C9F-B350-A9DA2C41145C}"
EndProject
Project("{FAE04EC0-301F-11D3-BF4B-00C04F79EFBC}") = "FloriculturaApp.Application", "FloriculturaApp.Application\FloriculturaApp.Application.csproj", "{DDC393BB-3FB1-438D-AC73-F2E51B0C46C9}"
EndProject
Project("{FAE04EC0-301F-11D3-BF4B-00C04F79EFBC}") = "FloriculturaApp.Infrastructure", "FloriculturaApp.Infrastructure\FloriculturaApp.Infrastructure.csproj", "{5FF26499-E376-45C2-BA83-0AF4AEFE678F}"
EndProject
Project("{FAE04EC0-301F-11D3-BF4B-00C04F79EFBC}") = "FloriculturaApp.Presentation", "FloriculturaApp.Presentation\FloriculturaApp.Presentation.csproj", "{D28DAD63-FE36-4B5F-A587-F99178EBAF79}"
EndProject
Global
	GlobalSection(SolutionConfigurationPlatforms) = preSolution
		Debug|Any CPU = Debug|Any CPU
		Release|Any CPU = Release|Any CPU
	EndGlobalSection
	GlobalSection(SolutionProperties) = preSolution
		HideSolutionNode = FALSE
	EndGlobalSection
	GlobalSection(ProjectConfigurationPlatforms) = postSolution
		{AD2612DC-48D5-4C9F-B350-A9DA2C41145C}.Debug|Any CPU.ActiveCfg = Debug|Any CPU
		{AD2612DC-48D5-4C9F-B350-A9DA2C41145C}.Debug|Any CPU.Build.0 = Debug|Any CPU
		{AD2612DC-48D5-4C9F-B350-A9DA2C41145C}.Release|Any CPU.ActiveCfg = Release|Any CPU
		{AD2612DC-48D5-4C9F-B350-A9DA2C41145C}.Release|Any CPU.Build.0 = Release|Any CPU
		{DDC393BB-3FB1-438D-AC73-F2E51B0C46C9}.Debug|Any CPU.ActiveCfg = Debug|Any CPU
		{DDC393BB-3FB1-438D-AC73-F2E51B0C46C9}.Debug|Any CPU.Build.0 = Debug|Any CPU
		{DDC393BB-3FB1-438D-AC73-F2E51B0C46C9}.Release|Any CPU.ActiveCfg = Release|Any CPU
		{DDC393BB-3FB1-438D-AC73-F2E51B0C46C9}.Release|Any CPU.Build.0 = Release|Any CPU
		{5FF26499-E376-45C2-BA83-0AF4AEFE678F}.Debug|Any CPU.ActiveCfg = Debug|Any CPU
		{5FF26499-E376-45C2-BA83-0AF4AEFE678F}.Debug|Any CPU.Build.0 = Debug|Any CPU
		{5FF26499-E376-45C2-BA83-0AF4AEFE678F}.Release|Any CPU.ActiveCfg = Release|Any CPU
		{5FF26499-E376-45C2-BA83-0AF4AEFE678F}.Release|Any CPU.Build.0 = Release|Any CPU
		{D28DAD63-FE36-4B5F-A587-F99178EBAF79}.Debug|Any CPU.ActiveCfg = Debug|Any CPU
		{D28DAD63-FE36-4B5F-A587-F99178EBAF79}.Debug|Any CPU.Build.0 = Debug|Any CPU
		{D28DAD63-FE36-4B5F-A587-F99178EBAF79}.Release|Any CPU.ActiveCfg = Release|Any CPU
		{D28DAD63-FE36-4B5F-A587-F99178EBAF79}.Release|Any CPU.Build.0 = Release|Any CPU
	EndGlobalSection
EndGlobal
